// !$*UTF8*$!
{
	archiveVersion = 1;
	classes = {
	};
	objectVersion = 48;
	objects = {

/* Begin PBXBuildFile section */
		08C727D2C00134B3DA0D2980 /* Pods_checkconnection.framework in Frameworks */ = {isa = PBXBuildFile; fileRef = 3DDEE4FA1C3647435D59E124 /* Pods_checkconnection.framework */; };
		0B0F5B8A2069416B00FA4B2F /* AppDelegate.swift in Sources */ = {isa = PBXBuildFile; fileRef = 0B0F5B892069416B00FA4B2F /* AppDelegate.swift */; };
		0B0F5B8C2069416B00FA4B2F /* ViewController.swift in Sources */ = {isa = PBXBuildFile; fileRef = 0B0F5B8B2069416B00FA4B2F /* ViewController.swift */; };
		0B0F5B8F2069416B00FA4B2F /* Main.storyboard in Resources */ = {isa = PBXBuildFile; fileRef = 0B0F5B8D2069416B00FA4B2F /* Main.storyboard */; };
		0B0F5B912069416B00FA4B2F /* Assets.xcassets in Resources */ = {isa = PBXBuildFile; fileRef = 0B0F5B902069416B00FA4B2F /* Assets.xcassets */; };
		0B0F5B942069416B00FA4B2F /* LaunchScreen.storyboard in Resources */ = {isa = PBXBuildFile; fileRef = 0B0F5B922069416B00FA4B2F /* LaunchScreen.storyboard */; };
		0B0F5B9F2069416B00FA4B2F /* checkconnectionTests.swift in Sources */ = {isa = PBXBuildFile; fileRef = 0B0F5B9E2069416B00FA4B2F /* checkconnectionTests.swift */; };
		0B0F5BAA2069416B00FA4B2F /* checkconnectionUITests.swift in Sources */ = {isa = PBXBuildFile; fileRef = 0B0F5BA92069416B00FA4B2F /* checkconnectionUITests.swift */; };
		0B0F5BBE2069472900FA4B2F /* Reachability.swift in Sources */ = {isa = PBXBuildFile; fileRef = 0B0F5BBD2069472900FA4B2F /* Reachability.swift */; };
		0B0F5BBF2069479600FA4B2F /* Reachability.swift in Sources */ = {isa = PBXBuildFile; fileRef = 0B0F5BBD2069472900FA4B2F /* Reachability.swift */; };
		0B0F5BC02069479700FA4B2F /* Reachability.swift in Sources */ = {isa = PBXBuildFile; fileRef = 0B0F5BBD2069472900FA4B2F /* Reachability.swift */; };
		D8153204431015D2AD32FDC7 /* Pods_checkconnectionUITests.framework in Frameworks */ = {isa = PBXBuildFile; fileRef = 57683A24AD14968ECD0D5116 /* Pods_checkconnectionUITests.framework */; };
		DBB4E8873C8A45ADE2C4E9A4 /* Pods_checkconnectionTests.framework in Frameworks */ = {isa = PBXBuildFile; fileRef = 5233D790A93A9C4A8FDE1DAF /* Pods_checkconnectionTests.framework */; };
/* End PBXBuildFile section */

/* Begin PBXContainerItemProxy section */
		0B0F5B9B2069416B00FA4B2F /* PBXContainerItemProxy */ = {
			isa = PBXContainerItemProxy;
			containerPortal = 0B0F5B7E2069416B00FA4B2F /* Project object */;
			proxyType = 1;
			remoteGlobalIDString = 0B0F5B852069416B00FA4B2F;
			remoteInfo = checkconnection;
		};
		0B0F5BA62069416B00FA4B2F /* PBXContainerItemProxy */ = {
			isa = PBXContainerItemProxy;
			containerPortal = 0B0F5B7E2069416B00FA4B2F /* Project object */;
			proxyType = 1;
			remoteGlobalIDString = 0B0F5B852069416B00FA4B2F;
			remoteInfo = checkconnection;
		};
/* End PBXContainerItemProxy section */

/* Begin PBXFileReference section */
		080A29C03EA6C013E36582CD /* Pods-checkconnectionTests.debug.xcconfig */ = {isa = PBXFileReference; includeInIndex = 1; lastKnownFileType = text.xcconfig; name = "Pods-checkconnectionTests.debug.xcconfig"; path = "Pods/Target Support Files/Pods-checkconnectionTests/Pods-checkconnectionTests.debug.xcconfig"; sourceTree = "<group>"; };
		0B0F5B862069416B00FA4B2F /* checkconnection.app */ = {isa = PBXFileReference; explicitFileType = wrapper.application; includeInIndex = 0; path = checkconnection.app; sourceTree = BUILT_PRODUCTS_DIR; };
		0B0F5B892069416B00FA4B2F /* AppDelegate.swift */ = {isa = PBXFileReference; lastKnownFileType = sourcecode.swift; path = AppDelegate.swift; sourceTree = "<group>"; };
		0B0F5B8B2069416B00FA4B2F /* ViewController.swift */ = {isa = PBXFileReference; lastKnownFileType = sourcecode.swift; path = ViewController.swift; sourceTree = "<group>"; };
		0B0F5B8E2069416B00FA4B2F /* Base */ = {isa = PBXFileReference; lastKnownFileType = file.storyboard; name = Base; path = Base.lproj/Main.storyboard; sourceTree = "<group>"; };
		0B0F5B902069416B00FA4B2F /* Assets.xcassets */ = {isa = PBXFileReference; lastKnownFileType = folder.assetcatalog; path = Assets.xcassets; sourceTree = "<group>"; };
		0B0F5B932069416B00FA4B2F /* Base */ = {isa = PBXFileReference; lastKnownFileType = file.storyboard; name = Base; path = Base.lproj/LaunchScreen.storyboard; sourceTree = "<group>"; };
		0B0F5B952069416B00FA4B2F /* Info.plist */ = {isa = PBXFileReference; lastKnownFileType = text.plist.xml; path = Info.plist; sourceTree = "<group>"; };
		0B0F5B9A2069416B00FA4B2F /* checkconnectionTests.xctest */ = {isa = PBXFileReference; explicitFileType = wrapper.cfbundle; includeInIndex = 0; path = checkconnectionTests.xctest; sourceTree = BUILT_PRODUCTS_DIR; };
		0B0F5B9E2069416B00FA4B2F /* checkconnectionTests.swift */ = {isa = PBXFileReference; lastKnownFileType = sourcecode.swift; path = checkconnectionTests.swift; sourceTree = "<group>"; };
		0B0F5BA02069416B00FA4B2F /* Info.plist */ = {isa = PBXFileReference; lastKnownFileType = text.plist.xml; path = Info.plist; sourceTree = "<group>"; };
		0B0F5BA52069416B00FA4B2F /* checkconnectionUITests.xctest */ = {isa = PBXFileReference; explicitFileType = wrapper.cfbundle; includeInIndex = 0; path = checkconnectionUITests.xctest; sourceTree = BUILT_PRODUCTS_DIR; };
		0B0F5BA92069416B00FA4B2F /* checkconnectionUITests.swift */ = {isa = PBXFileReference; lastKnownFileType = sourcecode.swift; path = checkconnectionUITests.swift; sourceTree = "<group>"; };
		0B0F5BAB2069416B00FA4B2F /* Info.plist */ = {isa = PBXFileReference; lastKnownFileType = text.plist.xml; path = Info.plist; sourceTree = "<group>"; };
		0B0F5BBD2069472900FA4B2F /* Reachability.swift */ = {isa = PBXFileReference; fileEncoding = 4; lastKnownFileType = sourcecode.swift; path = Reachability.swift; sourceTree = "<group>"; };
		3DDEE4FA1C3647435D59E124 /* Pods_checkconnection.framework */ = {isa = PBXFileReference; explicitFileType = wrapper.framework; includeInIndex = 0; path = Pods_checkconnection.framework; sourceTree = BUILT_PRODUCTS_DIR; };
		5233D790A93A9C4A8FDE1DAF /* Pods_checkconnectionTests.framework */ = {isa = PBXFileReference; explicitFileType = wrapper.framework; includeInIndex = 0; path = Pods_checkconnectionTests.framework; sourceTree = BUILT_PRODUCTS_DIR; };
		57683A24AD14968ECD0D5116 /* Pods_checkconnectionUITests.framework */ = {isa = PBXFileReference; explicitFileType = wrapper.framework; includeInIndex = 0; path = Pods_checkconnectionUITests.framework; sourceTree = BUILT_PRODUCTS_DIR; };
		93A063B31E599A79FCEA9498 /* Pods-checkconnectionUITests.release.xcconfig */ = {isa = PBXFileReference; includeInIndex = 1; lastKnownFileType = text.xcconfig; name = "Pods-checkconnectionUITests.release.xcconfig"; path = "Pods/Target Support Files/Pods-checkconnectionUITests/Pods-checkconnectionUITests.release.xcconfig"; sourceTree = "<group>"; };
		A61221432FCA00CE712E3698 /* Pods-checkconnectionUITests.debug.xcconfig */ = {isa = PBXFileReference; includeInIndex = 1; lastKnownFileType = text.xcconfig; name = "Pods-checkconnectionUITests.debug.xcconfig"; path = "Pods/Target Support Files/Pods-checkconnectionUITests/Pods-checkconnectionUITests.debug.xcconfig"; sourceTree = "<group>"; };
		BEDFE4EB0B2D50B60DD3D523 /* Pods-checkconnectionTests.release.xcconfig */ = {isa = PBXFileReference; includeInIndex = 1; lastKnownFileType = text.xcconfig; name = "Pods-checkconnectionTests.release.xcconfig"; path = "Pods/Target Support Files/Pods-checkconnectionTests/Pods-checkconnectionTests.release.xcconfig"; sourceTree = "<group>"; };
		C0A89DFEDCDB3394894F7582 /* Pods-checkconnection.debug.xcconfig */ = {isa = PBXFileReference; includeInIndex = 1; lastKnownFileType = text.xcconfig; name = "Pods-checkconnection.debug.xcconfig"; path = "Pods/Target Support Files/Pods-checkconnection/Pods-checkconnection.debug.xcconfig"; sourceTree = "<group>"; };
		C1B506FB8C620E84AD89069D /* Pods-checkconnection.release.xcconfig */ = {isa = PBXFileReference; includeInIndex = 1; lastKnownFileType = text.xcconfig; name = "Pods-checkconnection.release.xcconfig"; path = "Pods/Target Support Files/Pods-checkconnection/Pods-checkconnection.release.xcconfig"; sourceTree = "<group>"; };
/* End PBXFileReference section */

/* Begin PBXFrameworksBuildPhase section */
		0B0F5B832069416B00FA4B2F /* Frameworks */ = {
			isa = PBXFrameworksBuildPhase;
			buildActionMask = 2147483647;
			files = (
				08C727D2C00134B3DA0D2980 /* Pods_checkconnection.framework in Frameworks */,
			);
			runOnlyForDeploymentPostprocessing = 0;
		};
		0B0F5B972069416B00FA4B2F /* Frameworks */ = {
			isa = PBXFrameworksBuildPhase;
			buildActionMask = 2147483647;
			files = (
				DBB4E8873C8A45ADE2C4E9A4 /* Pods_checkconnectionTests.framework in Frameworks */,
			);
			runOnlyForDeploymentPostprocessing = 0;
		};
		0B0F5BA22069416B00FA4B2F /* Frameworks */ = {
			isa = PBXFrameworksBuildPhase;
			buildActionMask = 2147483647;
			files = (
				D8153204431015D2AD32FDC7 /* Pods_checkconnectionUITests.framework in Frameworks */,
			);
			runOnlyForDeploymentPostprocessing = 0;
		};
/* End PBXFrameworksBuildPhase section */

/* Begin PBXGroup section */
		0B0F5B7D2069416B00FA4B2F = {
			isa = PBXGroup;
			children = (
				0B0F5B882069416B00FA4B2F /* checkconnection */,
				0B0F5B9D2069416B00FA4B2F /* checkconnectionTests */,
				0B0F5BA82069416B00FA4B2F /* checkconnectionUITests */,
				0B0F5B872069416B00FA4B2F /* Products */,
				F76428449A2316F775A78E01 /* Pods */,
				5B0C1CFDA0B5F5822257B834 /* Frameworks */,
			);
			sourceTree = "<group>";
		};
		0B0F5B872069416B00FA4B2F /* Products */ = {
			isa = PBXGroup;
			children = (
				0B0F5B862069416B00FA4B2F /* checkconnection.app */,
				0B0F5B9A2069416B00FA4B2F /* checkconnectionTests.xctest */,
				0B0F5BA52069416B00FA4B2F /* checkconnectionUITests.xctest */,
			);
			name = Products;
			sourceTree = "<group>";
		};
		0B0F5B882069416B00FA4B2F /* checkconnection */ = {
			isa = PBXGroup;
			children = (
				0B0F5BBD2069472900FA4B2F /* Reachability.swift */,
				0B0F5B892069416B00FA4B2F /* AppDelegate.swift */,
				0B0F5B8B2069416B00FA4B2F /* ViewController.swift */,
				0B0F5B8D2069416B00FA4B2F /* Main.storyboard */,
				0B0F5B902069416B00FA4B2F /* Assets.xcassets */,
				0B0F5B922069416B00FA4B2F /* LaunchScreen.storyboard */,
				0B0F5B952069416B00FA4B2F /* Info.plist */,
			);
			path = checkconnection;
			sourceTree = "<group>";
		};
		0B0F5B9D2069416B00FA4B2F /* checkconnectionTests */ = {
			isa = PBXGroup;
			children = (
				0B0F5B9E2069416B00FA4B2F /* checkconnectionTests.swift */,
				0B0F5BA02069416B00FA4B2F /* Info.plist */,
			);
			path = checkconnectionTests;
			sourceTree = "<group>";
		};
		0B0F5BA82069416B00FA4B2F /* checkconnectionUITests */ = {
			isa = PBXGroup;
			children = (
				0B0F5BA92069416B00FA4B2F /* checkconnectionUITests.swift */,
				0B0F5BAB2069416B00FA4B2F /* Info.plist */,
			);
			path = checkconnectionUITests;
			sourceTree = "<group>";
		};
		5B0C1CFDA0B5F5822257B834 /* Frameworks */ = {
			isa = PBXGroup;
			children = (
				3DDEE4FA1C3647435D59E124 /* Pods_checkconnection.framework */,
				5233D790A93A9C4A8FDE1DAF /* Pods_checkconnectionTests.framework */,
				57683A24AD14968ECD0D5116 /* Pods_checkconnectionUITests.framework */,
			);
			name = Frameworks;
			sourceTree = "<group>";
		};
		F76428449A2316F775A78E01 /* Pods */ = {
			isa = PBXGroup;
			children = (
				C0A89DFEDCDB3394894F7582 /* Pods-checkconnection.debug.xcconfig */,
				C1B506FB8C620E84AD89069D /* Pods-checkconnection.release.xcconfig */,
				080A29C03EA6C013E36582CD /* Pods-checkconnectionTests.debug.xcconfig */,
				BEDFE4EB0B2D50B60DD3D523 /* Pods-checkconnectionTests.release.xcconfig */,
				A61221432FCA00CE712E3698 /* Pods-checkconnectionUITests.debug.xcconfig */,
				93A063B31E599A79FCEA9498 /* Pods-checkconnectionUITests.release.xcconfig */,
			);
			name = Pods;
			sourceTree = "<group>";
		};
/* End PBXGroup section */

/* Begin PBXNativeTarget section */
		0B0F5B852069416B00FA4B2F /* checkconnection */ = {
			isa = PBXNativeTarget;
			buildConfigurationList = 0B0F5BAE2069416B00FA4B2F /* Build configuration list for PBXNativeTarget "checkconnection" */;
			buildPhases = (
				B24470B5285DD3D01A40ADE9 /* [CP] Check Pods Manifest.lock */,
				0B0F5B822069416B00FA4B2F /* Sources */,
				0B0F5B832069416B00FA4B2F /* Frameworks */,
				0B0F5B842069416B00FA4B2F /* Resources */,
				4422CA2659C32F8C72EFD908 /* [CP] Embed Pods Frameworks */,
				AE25B42F728F6FDF20E7BEEC /* [CP] Copy Pods Resources */,
			);
			buildRules = (
			);
			dependencies = (
			);
			name = checkconnection;
			productName = checkconnection;
			productReference = 0B0F5B862069416B00FA4B2F /* checkconnection.app */;
			productType = "com.apple.product-type.application";
		};
		0B0F5B992069416B00FA4B2F /* checkconnectionTests */ = {
			isa = PBXNativeTarget;
			buildConfigurationList = 0B0F5BB12069416B00FA4B2F /* Build configuration list for PBXNativeTarget "checkconnectionTests" */;
			buildPhases = (
				D02104D98546242919497741 /* [CP] Check Pods Manifest.lock */,
				0B0F5B962069416B00FA4B2F /* Sources */,
				0B0F5B972069416B00FA4B2F /* Frameworks */,
				0B0F5B982069416B00FA4B2F /* Resources */,
				D54CAE3C3887E834F80E67F0 /* [CP] Embed Pods Frameworks */,
				825A6723609A51246507974B /* [CP] Copy Pods Resources */,
			);
			buildRules = (
			);
			dependencies = (
				0B0F5B9C2069416B00FA4B2F /* PBXTargetDependency */,
			);
			name = checkconnectionTests;
			productName = checkconnectionTests;
			productReference = 0B0F5B9A2069416B00FA4B2F /* checkconnectionTests.xctest */;
			productType = "com.apple.product-type.bundle.unit-test";
		};
		0B0F5BA42069416B00FA4B2F /* checkconnectionUITests */ = {
			isa = PBXNativeTarget;
			buildConfigurationList = 0B0F5BB42069416B00FA4B2F /* Build configuration list for PBXNativeTarget "checkconnectionUITests" */;
			buildPhases = (
				90AA65E2D7B40961A9CA4F97 /* [CP] Check Pods Manifest.lock */,
				0B0F5BA12069416B00FA4B2F /* Sources */,
				0B0F5BA22069416B00FA4B2F /* Frameworks */,
				0B0F5BA32069416B00FA4B2F /* Resources */,
				5446D9477B172F448ACAC46F /* [CP] Embed Pods Frameworks */,
				363210252284BF9FE33EED34 /* [CP] Copy Pods Resources */,
			);
			buildRules = (
			);
			dependencies = (
				0B0F5BA72069416B00FA4B2F /* PBXTargetDependency */,
			);
			name = checkconnectionUITests;
			productName = checkconnectionUITests;
			productReference = 0B0F5BA52069416B00FA4B2F /* checkconnectionUITests.xctest */;
			productType = "com.apple.product-type.bundle.ui-testing";
		};
/* End PBXNativeTarget section */

/* Begin PBXProject section */
		0B0F5B7E2069416B00FA4B2F /* Project object */ = {
			isa = PBXProject;
			attributes = {
				LastSwiftUpdateCheck = 0920;
				LastUpgradeCheck = 0920;
				ORGANIZATIONNAME = "Ron Rith";
				TargetAttributes = {
					0B0F5B852069416B00FA4B2F = {
						CreatedOnToolsVersion = 9.2;
						LastSwiftMigration = 0920;
						ProvisioningStyle = Automatic;
					};
					0B0F5B992069416B00FA4B2F = {
						CreatedOnToolsVersion = 9.2;
						ProvisioningStyle = Automatic;
						TestTargetID = 0B0F5B852069416B00FA4B2F;
					};
					0B0F5BA42069416B00FA4B2F = {
						CreatedOnToolsVersion = 9.2;
						ProvisioningStyle = Automatic;
						TestTargetID = 0B0F5B852069416B00FA4B2F;
					};
				};
			};
			buildConfigurationList = 0B0F5B812069416B00FA4B2F /* Build configuration list for PBXProject "checkconnection" */;
			compatibilityVersion = "Xcode 8.0";
			developmentRegion = en;
			hasScannedForEncodings = 0;
			knownRegions = (
				en,
				Base,
			);
			mainGroup = 0B0F5B7D2069416B00FA4B2F;
			productRefGroup = 0B0F5B872069416B00FA4B2F /* Products */;
			projectDirPath = "";
			projectRoot = "";
			targets = (
				0B0F5B852069416B00FA4B2F /* checkconnection */,
				0B0F5B992069416B00FA4B2F /* checkconnectionTests */,
				0B0F5BA42069416B00FA4B2F /* checkconnectionUITests */,
			);
		};
/* End PBXProject section */

/* Begin PBXResourcesBuildPhase section */
		0B0F5B842069416B00FA4B2F /* Resources */ = {
			isa = PBXResourcesBuildPhase;
			buildActionMask = 2147483647;
			files = (
				0B0F5B942069416B00FA4B2F /* LaunchScreen.storyboard in Resources */,
				0B0F5B912069416B00FA4B2F /* Assets.xcassets in Resources */,
				0B0F5B8F2069416B00FA4B2F /* Main.storyboard in Resources */,
			);
			runOnlyForDeploymentPostprocessing = 0;
		};
		0B0F5B982069416B00FA4B2F /* Resources */ = {
			isa = PBXResourcesBuildPhase;
			buildActionMask = 2147483647;
			files = (
			);
			runOnlyForDeploymentPostprocessing = 0;
		};
		0B0F5BA32069416B00FA4B2F /* Resources */ = {
			isa = PBXResourcesBuildPhase;
			buildActionMask = 2147483647;
			files = (
			);
			runOnlyForDeploymentPostprocessing = 0;
		};
/* End PBXResourcesBuildPhase section */

/* Begin PBXShellScriptBuildPhase section */
		363210252284BF9FE33EED34 /* [CP] Copy Pods Resources */ = {
			isa = PBXShellScriptBuildPhase;
			buildActionMask = 2147483647;
			files = (
			);
			inputPaths = (
			);
			name = "[CP] Copy Pods Resources";
			outputPaths = (
			);
			runOnlyForDeploymentPostprocessing = 0;
			shellPath = /bin/sh;
			shellScript = "\"${SRCROOT}/Pods/Target Support Files/Pods-checkconnectionUITests/Pods-checkconnectionUITests-resources.sh\"\n";
			showEnvVarsInLog = 0;
		};
		4422CA2659C32F8C72EFD908 /* [CP] Embed Pods Frameworks */ = {
			isa = PBXShellScriptBuildPhase;
			buildActionMask = 2147483647;
			files = (
			);
			inputPaths = (
				"${SRCROOT}/Pods/Target Support Files/Pods-checkconnection/Pods-checkconnection-frameworks.sh",
				"${BUILT_PRODUCTS_DIR}/ReachabilitySwift/Reachability.framework",
			);
			name = "[CP] Embed Pods Frameworks";
			outputPaths = (
				"${TARGET_BUILD_DIR}/${FRAMEWORKS_FOLDER_PATH}/Reachability.framework",
			);
			runOnlyForDeploymentPostprocessing = 0;
			shellPath = /bin/sh;
			shellScript = "\"${SRCROOT}/Pods/Target Support Files/Pods-checkconnection/Pods-checkconnection-frameworks.sh\"\n";
			showEnvVarsInLog = 0;
		};
		5446D9477B172F448ACAC46F /* [CP] Embed Pods Frameworks */ = {
			isa = PBXShellScriptBuildPhase;
			buildActionMask = 2147483647;
			files = (
			);
			inputPaths = (
			);
			name = "[CP] Embed Pods Frameworks";
			outputPaths = (
			);
			runOnlyForDeploymentPostprocessing = 0;
			shellPath = /bin/sh;
			shellScript = "\"${SRCROOT}/Pods/Target Support Files/Pods-checkconnectionUITests/Pods-checkconnectionUITests-frameworks.sh\"\n";
			showEnvVarsInLog = 0;
		};
		825A6723609A51246507974B /* [CP] Copy Pods Resources */ = {
			isa = PBXShellScriptBuildPhase;
			buildActionMask = 2147483647;
			files = (
			);
			inputPaths = (
			);
			name = "[CP] Copy Pods Resources";
			outputPaths = (
			);
			runOnlyForDeploymentPostprocessing = 0;
			shellPath = /bin/sh;
			shellScript = "\"${SRCROOT}/Pods/Target Support Files/Pods-checkconnectionTests/Pods-checkconnectionTests-resources.sh\"\n";
			showEnvVarsInLog = 0;
		};
		90AA65E2D7B40961A9CA4F97 /* [CP] Check Pods Manifest.lock */ = {
			isa = PBXShellScriptBuildPhase;
			buildActionMask = 2147483647;
			files = (
			);
			inputPaths = (
				"${PODS_PODFILE_DIR_PATH}/Podfile.lock",
				"${PODS_ROOT}/Manifest.lock",
			);
			name = "[CP] Check Pods Manifest.lock";
			outputPaths = (
				"$(DERIVED_FILE_DIR)/Pods-checkconnectionUITests-checkManifestLockResult.txt",
			);
			runOnlyForDeploymentPostprocessing = 0;
			shellPath = /bin/sh;
			shellScript = "diff \"${PODS_PODFILE_DIR_PATH}/Podfile.lock\" \"${PODS_ROOT}/Manifest.lock\" > /dev/null\nif [ $? != 0 ] ; then\n    # print error to STDERR\n    echo \"error: The sandbox is not in sync with the Podfile.lock. Run 'pod install' or update your CocoaPods installation.\" >&2\n    exit 1\nfi\n# This output is used by Xcode 'outputs' to avoid re-running this script phase.\necho \"SUCCESS\" > \"${SCRIPT_OUTPUT_FILE_0}\"\n";
			showEnvVarsInLog = 0;
		};
		AE25B42F728F6FDF20E7BEEC /* [CP] Copy Pods Resources */ = {
			isa = PBXShellScriptBuildPhase;
			buildActionMask = 2147483647;
			files = (
			);
			inputPaths = (
			);
			name = "[CP] Copy Pods Resources";
			outputPaths = (
			);
			runOnlyForDeploymentPostprocessing = 0;
			shellPath = /bin/sh;
			shellScript = "\"${SRCROOT}/Pods/Target Support Files/Pods-checkconnection/Pods-checkconnection-resources.sh\"\n";
			showEnvVarsInLog = 0;
		};
		B24470B5285DD3D01A40ADE9 /* [CP] Check Pods Manifest.lock */ = {
			isa = PBXShellScriptBuildPhase;
			buildActionMask = 2147483647;
			files = (
			);
			inputPaths = (
				"${PODS_PODFILE_DIR_PATH}/Podfile.lock",
				"${PODS_ROOT}/Manifest.lock",
			);
			name = "[CP] Check Pods Manifest.lock";
			outputPaths = (
				"$(DERIVED_FILE_DIR)/Pods-checkconnection-checkManifestLockResult.txt",
			);
			runOnlyForDeploymentPostprocessing = 0;
			shellPath = /bin/sh;
			shellScript = "diff \"${PODS_PODFILE_DIR_PATH}/Podfile.lock\" \"${PODS_ROOT}/Manifest.lock\" > /dev/null\nif [ $? != 0 ] ; then\n    # print error to STDERR\n    echo \"error: The sandbox is not in sync with the Podfile.lock. Run 'pod install' or update your CocoaPods installation.\" >&2\n    exit 1\nfi\n# This output is used by Xcode 'outputs' to avoid re-running this script phase.\necho \"SUCCESS\" > \"${SCRIPT_OUTPUT_FILE_0}\"\n";
			showEnvVarsInLog = 0;
		};
		D02104D98546242919497741 /* [CP] Check Pods Manifest.lock */ = {
			isa = PBXShellScriptBuildPhase;
			buildActionMask = 2147483647;
			files = (
			);
			inputPaths = (
				"${PODS_PODFILE_DIR_PATH}/Podfile.lock",
				"${PODS_ROOT}/Manifest.lock",
			);
			name = "[CP] Check Pods Manifest.lock";
			outputPaths = (
				"$(DERIVED_FILE_DIR)/Pods-checkconnectionTests-checkManifestLockResult.txt",
			);
			runOnlyForDeploymentPostprocessing = 0;
			shellPath = /bin/sh;
			shellScript = "diff \"${PODS_PODFILE_DIR_PATH}/Podfile.lock\" \"${PODS_ROOT}/Manifest.lock\" > /dev/null\nif [ $? != 0 ] ; then\n    # print error to STDERR\n    echo \"error: The sandbox is not in sync with the Podfile.lock. Run 'pod install' or update your CocoaPods installation.\" >&2\n    exit 1\nfi\n# This output is used by Xcode 'outputs' to avoid re-running this script phase.\necho \"SUCCESS\" > \"${SCRIPT_OUTPUT_FILE_0}\"\n";
			showEnvVarsInLog = 0;
		};
		D54CAE3C3887E834F80E67F0 /* [CP] Embed Pods Frameworks */ = {
			isa = PBXShellScriptBuildPhase;
			buildActionMask = 2147483647;
			files = (
			);
			inputPaths = (
			);
			name = "[CP] Embed Pods Frameworks";
			outputPaths = (
			);
			runOnlyForDeploymentPostprocessing = 0;
			shellPath = /bin/sh;
			shellScript = "\"${SRCROOT}/Pods/Target Support Files/Pods-checkconnectionTests/Pods-checkconnectionTests-frameworks.sh\"\n";
			showEnvVarsInLog = 0;
		};
/* End PBXShellScriptBuildPhase section */

/* Begin PBXSourcesBuildPhase section */
		0B0F5B822069416B00FA4B2F /* Sources */ = {
			isa = PBXSourcesBuildPhase;
			buildActionMask = 2147483647;
			files = (
				0B0F5B8C2069416B00FA4B2F /* ViewController.swift in Sources */,
				0B0F5B8A2069416B00FA4B2F /* AppDelegate.swift in Sources */,
				0B0F5BBE2069472900FA4B2F /* Reachability.swift in Sources */,
			);
			runOnlyForDeploymentPostprocessing = 0;
		};
		0B0F5B962069416B00FA4B2F /* Sources */ = {
			isa = PBXSourcesBuildPhase;
			buildActionMask = 2147483647;
			files = (
				0B0F5BBF2069479600FA4B2F /* Reachability.swift in Sources */,
				0B0F5B9F2069416B00FA4B2F /* checkconnectionTests.swift in Sources */,
			);
			runOnlyForDeploymentPostprocessing = 0;
		};
		0B0F5BA12069416B00FA4B2F /* Sources */ = {
			isa = PBXSourcesBuildPhase;
			buildActionMask = 2147483647;
			files = (
				0B0F5BC02069479700FA4B2F /* Reachability.swift in Sources */,
				0B0F5BAA2069416B00FA4B2F /* checkconnectionUITests.swift in Sources */,
			);
			runOnlyForDeploymentPostprocessing = 0;
		};
/* End PBXSourcesBuildPhase section */

/* Begin PBXTargetDependency section */
		0B0F5B9C2069416B00FA4B2F /* PBXTargetDependency */ = {
			isa = PBXTargetDependency;
			target = 0B0F5B852069416B00FA4B2F /* checkconnection */;
			targetProxy = 0B0F5B9B2069416B00FA4B2F /* PBXContainerItemProxy */;
		};
		0B0F5BA72069416B00FA4B2F /* PBXTargetDependency */ = {
			isa = PBXTargetDependency;
			target = 0B0F5B852069416B00FA4B2F /* checkconnection */;
			targetProxy = 0B0F5BA62069416B00FA4B2F /* PBXContainerItemProxy */;
		};
/* End PBXTargetDependency section */

/* Begin PBXVariantGroup section */
		0B0F5B8D2069416B00FA4B2F /* Main.storyboard */ = {
			isa = PBXVariantGroup;
			children = (
				0B0F5B8E2069416B00FA4B2F /* Base */,
			);
			name = Main.storyboard;
			sourceTree = "<group>";
		};
		0B0F5B922069416B00FA4B2F /* LaunchScreen.storyboard */ = {
			isa = PBXVariantGroup;
			children = (
				0B0F5B932069416B00FA4B2F /* Base */,
			);
			name = LaunchScreen.storyboard;
			sourceTree = "<group>";
		};
/* End PBXVariantGroup section */

/* Begin XCBuildConfiguration section */
		0B0F5BAC2069416B00FA4B2F /* Debug */ = {
			isa = XCBuildConfiguration;
			buildSettings = {
				ALWAYS_SEARCH_USER_PATHS = NO;
				CLANG_ANALYZER_NONNULL = YES;
				CLANG_ANALYZER_NUMBER_OBJECT_CONVERSION = YES_AGGRESSIVE;
				CLANG_CXX_LANGUAGE_STANDARD = "gnu++14";
				CLANG_CXX_LIBRARY = "libc++";
				CLANG_ENABLE_MODULES = YES;
				CLANG_ENABLE_OBJC_ARC = YES;
				CLANG_WARN_BLOCK_CAPTURE_AUTORELEASING = YES;
				CLANG_WARN_BOOL_CONVERSION = YES;
				CLANG_WARN_COMMA = YES;
				CLANG_WARN_CONSTANT_CONVERSION = YES;
				CLANG_WARN_DIRECT_OBJC_ISA_USAGE = YES_ERROR;
				CLANG_WARN_DOCUMENTATION_COMMENTS = YES;
				CLANG_WARN_EMPTY_BODY = YES;
				CLANG_WARN_ENUM_CONVERSION = YES;
				CLANG_WARN_INFINITE_RECURSION = YES;
				CLANG_WARN_INT_CONVERSION = YES;
				CLANG_WARN_NON_LITERAL_NULL_CONVERSION = YES;
				CLANG_WARN_OBJC_LITERAL_CONVERSION = YES;
				CLANG_WARN_OBJC_ROOT_CLASS = YES_ERROR;
				CLANG_WARN_RANGE_LOOP_ANALYSIS = YES;
				CLANG_WARN_STRICT_PROTOTYPES = YES;
				CLANG_WARN_SUSPICIOUS_MOVE = YES;
				CLANG_WARN_UNGUARDED_AVAILABILITY = YES_AGGRESSIVE;
				CLANG_WARN_UNREACHABLE_CODE = YES;
				CLANG_WARN__DUPLICATE_METHOD_MATCH = YES;
				CODE_SIGN_IDENTITY = "iPhone Developer";
				COPY_PHASE_STRIP = NO;
				DEBUG_INFORMATION_FORMAT = dwarf;
				ENABLE_STRICT_OBJC_MSGSEND = YES;
				ENABLE_TESTABILITY = YES;
				GCC_C_LANGUAGE_STANDARD = gnu11;
				GCC_DYNAMIC_NO_PIC = NO;
				GCC_NO_COMMON_BLOCKS = YES;
				GCC_OPTIMIZATION_LEVEL = 0;
				GCC_PREPROCESSOR_DEFINITIONS = (
					"DEBUG=1",
					"$(inherited)",
				);
				GCC_WARN_64_TO_32_BIT_CONVERSION = YES;
				GCC_WARN_ABOUT_RETURN_TYPE = YES_ERROR;
				GCC_WARN_UNDECLARED_SELECTOR = YES;
				GCC_WARN_UNINITIALIZED_AUTOS = YES_AGGRESSIVE;
				GCC_WARN_UNUSED_FUNCTION = YES;
				GCC_WARN_UNUSED_VARIABLE = YES;
				IPHONEOS_DEPLOYMENT_TARGET = 11.2;
				MTL_ENABLE_DEBUG_INFO = YES;
				ONLY_ACTIVE_ARCH = YES;
				SDKROOT = iphoneos;
				SWIFT_ACTIVE_COMPILATION_CONDITIONS = DEBUG;
				SWIFT_OPTIMIZATION_LEVEL = "-Onone";
			};
			name = Debug;
		};
		0B0F5BAD2069416B00FA4B2F /* Release */ = {
			isa = XCBuildConfiguration;
			buildSettings = {
				ALWAYS_SEARCH_USER_PATHS = NO;
				CLANG_ANALYZER_NONNULL = YES;
				CLANG_ANALYZER_NUMBER_OBJECT_CONVERSION = YES_AGGRESSIVE;
				CLANG_CXX_LANGUAGE_STANDARD = "gnu++14";
				CLANG_CXX_LIBRARY = "libc++";
				CLANG_ENABLE_MODULES = YES;
				CLANG_ENABLE_OBJC_ARC = YES;
				CLANG_WARN_BLOCK_CAPTURE_AUTORELEASING = YES;
				CLANG_WARN_BOOL_CONVERSION = YES;
				CLANG_WARN_COMMA = YES;
				CLANG_WARN_CONSTANT_CONVERSION = YES;
				CLANG_WARN_DIRECT_OBJC_ISA_USAGE = YES_ERROR;
				CLANG_WARN_DOCUMENTATION_COMMENTS = YES;
				CLANG_WARN_EMPTY_BODY = YES;
				CLANG_WARN_ENUM_CONVERSION = YES;
				CLANG_WARN_INFINITE_RECURSION = YES;
				CLANG_WARN_INT_CONVERSION = YES;
				CLANG_WARN_NON_LITERAL_NULL_CONVERSION = YES;
				CLANG_WARN_OBJC_LITERAL_CONVERSION = YES;
				CLANG_WARN_OBJC_ROOT_CLASS = YES_ERROR;
				CLANG_WARN_RANGE_LOOP_ANALYSIS = YES;
				CLANG_WARN_STRICT_PROTOTYPES = YES;
				CLANG_WARN_SUSPICIOUS_MOVE = YES;
				CLANG_WARN_UNGUARDED_AVAILABILITY = YES_AGGRESSIVE;
				CLANG_WARN_UNREACHABLE_CODE = YES;
				CLANG_WARN__DUPLICATE_METHOD_MATCH = YES;
				CODE_SIGN_IDENTITY = "iPhone Developer";
				COPY_PHASE_STRIP = NO;
				DEBUG_INFORMATION_FORMAT = "dwarf-with-dsym";
				ENABLE_NS_ASSERTIONS = NO;
				ENABLE_STRICT_OBJC_MSGSEND = YES;
				GCC_C_LANGUAGE_STANDARD = gnu11;
				GCC_NO_COMMON_BLOCKS = YES;
				GCC_WARN_64_TO_32_BIT_CONVERSION = YES;
				GCC_WARN_ABOUT_RETURN_TYPE = YES_ERROR;
				GCC_WARN_UNDECLARED_SELECTOR = YES;
				GCC_WARN_UNINITIALIZED_AUTOS = YES_AGGRESSIVE;
				GCC_WARN_UNUSED_FUNCTION = YES;
				GCC_WARN_UNUSED_VARIABLE = YES;
				IPHONEOS_DEPLOYMENT_TARGET = 11.2;
				MTL_ENABLE_DEBUG_INFO = NO;
				SDKROOT = iphoneos;
				SWIFT_OPTIMIZATION_LEVEL = "-Owholemodule";
				VALIDATE_PRODUCT = YES;
			};
			name = Release;
		};
		0B0F5BAF2069416B00FA4B2F /* Debug */ = {
			isa = XCBuildConfiguration;
			baseConfigurationReference = C0A89DFEDCDB3394894F7582 /* Pods-checkconnection.debug.xcconfig */;
			buildSettings = {
				ASSETCATALOG_COMPILER_APPICON_NAME = AppIcon;
				CLANG_ENABLE_MODULES = YES;
				CODE_SIGN_STYLE = Automatic;
				DEVELOPMENT_TEAM = 8389UE6NS3;
				INFOPLIST_FILE = checkconnection/Info.plist;
				LD_RUNPATH_SEARCH_PATHS = "$(inherited) @executable_path/Frameworks";
				PRODUCT_BUNDLE_IDENTIFIER = sampe.checkconnection;
				PRODUCT_NAME = "$(TARGET_NAME)";
				SWIFT_OBJC_BRIDGING_HEADER = "checkconnection/checkconnection-Bridging-Header.h";
				SWIFT_OPTIMIZATION_LEVEL = "-Onone";
				SWIFT_VERSION = 4.0;
				TARGETED_DEVICE_FAMILY = "1,2";
			};
			name = Debug;
		};
		0B0F5BB02069416B00FA4B2F /* Release */ = {
			isa = XCBuildConfiguration;
			baseConfigurationReference = C1B506FB8C620E84AD89069D /* Pods-checkconnection.release.xcconfig */;
			buildSettings = {
				ASSETCATALOG_COMPILER_APPICON_NAME = AppIcon;
				CLANG_ENABLE_MODULES = YES;
				CODE_SIGN_STYLE = Automatic;
				DEVELOPMENT_TEAM = 8389UE6NS3;
				INFOPLIST_FILE = checkconnection/Info.plist;
				LD_RUNPATH_SEARCH_PATHS = "$(inherited) @executable_path/Frameworks";
				PRODUCT_BUNDLE_IDENTIFIER = sampe.checkconnection;
				PRODUCT_NAME = "$(TARGET_NAME)";
				SWIFT_OBJC_BRIDGING_HEADER = "checkconnection/checkconnection-Bridging-Header.h";
				SWIFT_VERSION = 4.0;
				TARGETED_DEVICE_FAMILY = "1,2";
			};
			name = Release;
		};
		0B0F5BB22069416B00FA4B2F /* Debug */ = {
			isa = XCBuildConfiguration;
			baseConfigurationReference = 080A29C03EA6C013E36582CD /* Pods-checkconnectionTests.debug.xcconfig */;
			buildSettings = {
				ALWAYS_EMBED_SWIFT_STANDARD_LIBRARIES = YES;
				BUNDLE_LOADER = "$(TEST_HOST)";
				CODE_SIGN_STYLE = Automatic;
				INFOPLIST_FILE = checkconnectionTests/Info.plist;
				LD_RUNPATH_SEARCH_PATHS = "$(inherited) @executable_path/Frameworks @loader_path/Frameworks";
				PRODUCT_BUNDLE_IDENTIFIER = sampe.checkconnectionTests;
				PRODUCT_NAME = "$(TARGET_NAME)";
				SWIFT_VERSION = 4.0;
				TARGETED_DEVICE_FAMILY = "1,2";
				TEST_HOST = "$(BUILT_PRODUCTS_DIR)/checkconnection.app/checkconnection";
			};
			name = Debug;
		};
		0B0F5BB32069416B00FA4B2F /* Release */ = {
			isa = XCBuildConfiguration;
			baseConfigurationReference = BEDFE4EB0B2D50B60DD3D523 /* Pods-checkconnectionTests.release.xcconfig */;
			buildSettings = {
				ALWAYS_EMBED_SWIFT_STANDARD_LIBRARIES = YES;
				BUNDLE_LOADER = "$(TEST_HOST)";
				CODE_SIGN_STYLE = Automatic;
				INFOPLIST_FILE = checkconnectionTests/Info.plist;
				LD_RUNPATH_SEARCH_PATHS = "$(inherited) @executable_path/Frameworks @loader_path/Frameworks";
				PRODUCT_BUNDLE_IDENTIFIER = sampe.checkconnectionTests;
				PRODUCT_NAME = "$(TARGET_NAME)";
				SWIFT_VERSION = 4.0;
				TARGETED_DEVICE_FAMILY = "1,2";
				TEST_HOST = "$(BUILT_PRODUCTS_DIR)/checkconnection.app/checkconnection";
			};
			name = Release;
		};
		0B0F5BB52069416B00FA4B2F /* Debug */ = {
			isa = XCBuildConfiguration;
			baseConfigurationReference = A61221432FCA00CE712E3698 /* Pods-checkconnectionUITests.debug.xcconfig */;
			buildSettings = {
				ALWAYS_EMBED_SWIFT_STANDARD_LIBRARIES = YES;
				CODE_SIGN_STYLE = Automatic;
				INFOPLIST_FILE = checkconnectionUITests/Info.plist;
				LD_RUNPATH_SEARCH_PATHS = "$(inherited) @executable_path/Frameworks @loader_path/Frameworks";
				PRODUCT_BUNDLE_IDENTIFIER = sampe.checkconnectionUITests;
				PRODUCT_NAME = "$(TARGET_NAME)";
				SWIFT_VERSION = 4.0;
				TARGETED_DEVICE_FAMILY = "1,2";
				TEST_TARGET_NAME = checkconnection;
			};
			name = Debug;
		};
		0B0F5BB62069416B00FA4B2F /* Release */ = {
			isa = XCBuildConfiguration;
			baseConfigurationReference = 93A063B31E599A79FCEA9498 /* Pods-checkconnectionUITests.release.xcconfig */;
			buildSettings = {
				ALWAYS_EMBED_SWIFT_STANDARD_LIBRARIES = YES;
				CODE_SIGN_STYLE = Automatic;
				INFOPLIST_FILE = checkconnectionUITests/Info.plist;
				LD_RUNPATH_SEARCH_PATHS = "$(inherited) @executable_path/Frameworks @loader_path/Frameworks";
				PRODUCT_BUNDLE_IDENTIFIER = sampe.checkconnectionUITests;
				PRODUCT_NAME = "$(TARGET_NAME)";
				SWIFT_VERSION = 4.0;
				TARGETED_DEVICE_FAMILY = "1,2";
				TEST_TARGET_NAME = checkconnection;
			};
			name = Release;
		};
/* End XCBuildConfiguration section */

/* Begin XCConfigurationList section */
		0B0F5B812069416B00FA4B2F /* Build configuration list for PBXProject "checkconnection" */ = {
			isa = XCConfigurationList;
			buildConfigurations = (
				0B0F5BAC2069416B00FA4B2F /* Debug */,
				0B0F5BAD2069416B00FA4B2F /* Release */,
			);
			defaultConfigurationIsVisible = 0;
			defaultConfigurationName = Release;
		};
		0B0F5BAE2069416B00FA4B2F /* Build configuration list for PBXNativeTarget "checkconnection" */ = {
			isa = XCConfigurationList;
			buildConfigurations = (
				0B0F5BAF2069416B00FA4B2F /* Debug */,
				0B0F5BB02069416B00FA4B2F /* Release */,
			);
			defaultConfigurationIsVisible = 0;
			defaultConfigurationName = Release;
		};
		0B0F5BB12069416B00FA4B2F /* Build configuration list for PBXNativeTarget "checkconnectionTests" */ = {
			isa = XCConfigurationList;
			buildConfigurations = (
				0B0F5BB22069416B00FA4B2F /* Debug */,
				0B0F5BB32069416B00FA4B2F /* Release */,
			);
			defaultConfigurationIsVisible = 0;
			defaultConfigurationName = Release;
		};
		0B0F5BB42069416B00FA4B2F /* Build configuration list for PBXNativeTarget "checkconnectionUITests" */ = {
			isa = XCConfigurationList;
			buildConfigurations = (
				0B0F5BB52069416B00FA4B2F /* Debug */,
				0B0F5BB62069416B00FA4B2F /* Release */,
			);
			defaultConfigurationIsVisible = 0;
			defaultConfigurationName = Release;
		};
/* End XCConfigurationList section */
	};
	rootObject = 0B0F5B7E2069416B00FA4B2F /* Project object */;
}
